
Microsoft Visual Studio Solution File, Format Version 12.00
# Visual Studio Version 17
VisualStudioVersion = 17.10.35013.160
MinimumVisualStudioVersion = 10.0.40219.1
Project("{FAE04EC0-301F-11D3-BF4B-00C04F79EFBC}") = "ToDoApp", "ToDoApp\ToDoApp.csproj", "{5CC239F3-F361-45AE-BFCE-237BE97B88E3}"
EndProject
Project("{FAE04EC0-301F-11D3-BF4B-00C04F79EFBC}") = "ToDoApp.Data", "ToDoApp.Data\ToDoApp.Data.csproj", "{B957E24D-4FD5-4795-A981-1350FDE1786F}"
EndProject
Global
	GlobalSection(SolutionConfigurationPlatforms) = preSolution
		Debug|Any CPU = Debug|Any CPU
		Release|Any CPU = Release|Any CPU
	EndGlobalSection
	GlobalSection(ProjectConfigurationPlatforms) = postSolution
		{5CC239F3-F361-45AE-BFCE-237BE97B88E3}.Debug|Any CPU.ActiveCfg = Debug|Any CPU
		{5CC239F3-F361-45AE-BFCE-237BE97B88E3}.Debug|Any CPU.Build.0 = Debug|Any CPU
		{5CC239F3-F361-45AE-BFCE-237BE97B88E3}.Release|Any CPU.ActiveCfg = Release|Any CPU
		{5CC239F3-F361-45AE-BFCE-237BE97B88E3}.Release|Any CPU.Build.0 = Release|Any CPU
		{B957E24D-4FD5-4795-A981-1350FDE1786F}.Debug|Any CPU.ActiveCfg = Debug|Any CPU
		{B957E24D-4FD5-4795-A981-1350FDE1786F}.Debug|Any CPU.Build.0 = Debug|Any CPU
		{B957E24D-4FD5-4795-A981-1350FDE1786F}.Release|Any CPU.ActiveCfg = Release|Any CPU
		{B957E24D-4FD5-4795-A981-1350FDE1786F}.Release|Any CPU.Build.0 = Release|Any CPU
	EndGlobalSection
	GlobalSection(SolutionProperties) = preSolution
		HideSolutionNode = FALSE
	EndGlobalSection
	GlobalSection(ExtensibilityGlobals) = postSolution
		SolutionGuid = {29E67449-5F5C-42C3-B0B3-D5C1ACFB8998}
	EndGlobalSection
EndGlobal
